
Microsoft Visual Studio Solution File, Format Version 12.00
# Visual Studio Version 16
VisualStudioVersion = 16.0.30204.135
MinimumVisualStudioVersion = 10.0.40219.1
Project("{888888A0-9F3D-457C-B088-3A5042F75D52}") = "Pyramid", "Pyramid\Pyramid.pyproj", "{5FE13B40-64C3-45B0-9596-85359A9B0204}"
EndProject
Global
	GlobalSection(SolutionConfigurationPlatforms) = preSolution
		Debug|Any CPU = Debug|Any CPU
		Release|Any CPU = Release|Any CPU
	EndGlobalSection
	GlobalSection(ProjectConfigurationPlatforms) = postSolution
		{5FE13B40-64C3-45B0-9596-85359A9B0204}.Debug|Any CPU.ActiveCfg = Debug|Any CPU
		{5FE13B40-64C3-45B0-9596-85359A9B0204}.Release|Any CPU.ActiveCfg = Release|Any CPU
	EndGlobalSection
	GlobalSection(SolutionProperties) = preSolution
		HideSolutionNode = FALSE
	EndGlobalSection
	GlobalSection(ExtensibilityGlobals) = postSolution
		SolutionGuid = {2DB261E1-1CB1-4F25-AB92-DAC873C841AF}
	EndGlobalSection
EndGlobal
